Microsoft Visual Studio Solution File, Format Version 12.00
# Visual Studio Version 17
VisualStudioVersion = 17.5.2.0
MinimumVisualStudioVersion = 10.0.40219.1
Project("{FAE04EC0-301F-11D3-BF4B-00C04F79EFBC}") = "AzureKeyVault", "AzureKeyVault.csproj", "{802B65CC-0FFB-6299-D47C-92CA0343A770}"
EndProject
Global
	GlobalSection(SolutionConfigurationPlatforms) = preSolution
		Debug|Any CPU = Debug|Any CPU
		Release|Any CPU = Release|Any CPU
	EndGlobalSection
	GlobalSection(ProjectConfigurationPlatforms) = postSolution
		{802B65CC-0FFB-6299-D47C-92CA0343A770}.Debug|Any CPU.ActiveCfg = Debug|Any CPU
		{802B65CC-0FFB-6299-D47C-92CA0343A770}.Debug|Any CPU.Build.0 = Debug|Any CPU
		{802B65CC-0FFB-6299-D47C-92CA0343A770}.Release|Any CPU.ActiveCfg = Release|Any CPU
		{802B65CC-0FFB-6299-D47C-92CA0343A770}.Release|Any CPU.Build.0 = Release|Any CPU
	EndGlobalSection
	GlobalSection(SolutionProperties) = preSolution
		HideSolutionNode = FALSE
	EndGlobalSection
	GlobalSection(ExtensibilityGlobals) = postSolution
		SolutionGuid = {DA995B14-3F6B-4791-8AF5-566B25C58E6F}
	EndGlobalSection
EndGlobal
