
Microsoft Visual Studio Solution File, Format Version 12.00
Project("{FAE04EC0-301F-11D3-BF4B-00C04F79EFBC}") = "SecretsManager", "SecretsManager\SecretsManager.csproj", "{315AED49-EADF-4637-BD3B-E6EE72FB1CB1}"
EndProject
Project("{FAE04EC0-301F-11D3-BF4B-00C04F79EFBC}") = "QuickTest", "QuickTest\QuickTest.csproj", "{98B74237-F1C5-4109-9D68-E7FC7B7BC404}"
EndProject
Global
	GlobalSection(SolutionConfigurationPlatforms) = preSolution
		Debug|Any CPU = Debug|Any CPU
		Release|Any CPU = Release|Any CPU
	EndGlobalSection
	GlobalSection(ProjectConfigurationPlatforms) = postSolution
		{315AED49-EADF-4637-BD3B-E6EE72FB1CB1}.Debug|Any CPU.ActiveCfg = Debug|Any CPU
		{315AED49-EADF-4637-BD3B-E6EE72FB1CB1}.Debug|Any CPU.Build.0 = Debug|Any CPU
		{315AED49-EADF-4637-BD3B-E6EE72FB1CB1}.Release|Any CPU.ActiveCfg = Release|Any CPU
		{315AED49-EADF-4637-BD3B-E6EE72FB1CB1}.Release|Any CPU.Build.0 = Release|Any CPU
		{98B74237-F1C5-4109-9D68-E7FC7B7BC404}.Debug|Any CPU.ActiveCfg = Debug|Any CPU
		{98B74237-F1C5-4109-9D68-E7FC7B7BC404}.Debug|Any CPU.Build.0 = Debug|Any CPU
		{98B74237-F1C5-4109-9D68-E7FC7B7BC404}.Release|Any CPU.ActiveCfg = Release|Any CPU
		{98B74237-F1C5-4109-9D68-E7FC7B7BC404}.Release|Any CPU.Build.0 = Release|Any CPU
	EndGlobalSection
EndGlobal
