# THIS IS AN AUTOGENERATED FILE. DO NOT EDIT THIS FILE DIRECTLY.
# yarn lockfile v1


"@keeper-security/secrets-manager-core@16.0.9":
  version "16.0.9"
  resolved "https://registry.yarnpkg.com/@keeper-security/secrets-manager-core/-/secrets-manager-core-16.0.9.tgz#41e287e5b6e41fb7c9fae5276b5ed8f3abcd610a"
  integrity sha512-PG3Xu3LwknNEqH6ayOJd1jeZODI2RDPGNScu5oD2+tbBqPMO2AEkOj+QMdKyogtLFGHi/Q2pn101MOARM5F5rg==
