# THIS IS AN AUTOGENERATED FILE. DO NOT EDIT THIS FILE DIRECTLY.
# yarn lockfile v1


"@keeper-security/secrets-manager-core@16.0.12":
  version "16.0.12"
  resolved "https://registry.yarnpkg.com/@keeper-security/secrets-manager-core/-/secrets-manager-core-16.0.12.tgz#882299d4c18ddf828f20566c8f693e446e4a5ab9"
  integrity sha512-i4ncaRAgPCHqhi+UkrhHvBfNyBT/yEHHXKukXgI/dCKDQWRVJgnkqdd9rSFM35viCD8F2mnPOz9I1VsE6H09MQ==
